
Microsoft Visual Studio Solution File, Format Version 12.00
# Visual Studio Version 17
VisualStudioVersion = 17.5.002.0
MinimumVisualStudioVersion = 10.0.40219.1
Project("{9A19103F-16F7-4668-BE54-9A1E7A4F7556}") = "consumer1", "consumer1\consumer1.csproj", "{B2ADC172-E9D1-44D6-8A15-113F192EE1F7}"
EndProject
Project("{9A19103F-16F7-4668-BE54-9A1E7A4F7556}") = "consumer2", "consumer2\consumer2.csproj", "{89A23DD6-C777-462A-9273-9B900D57658C}"
EndProject
Project("{9A19103F-16F7-4668-BE54-9A1E7A4F7556}") = "Producer", "Producer\Producer.csproj", "{E740B518-0460-41E5-852B-82A116137DB1}"
EndProject
Global
	GlobalSection(SolutionConfigurationPlatforms) = preSolution
		Debug|Any CPU = Debug|Any CPU
		Release|Any CPU = Release|Any CPU
	EndGlobalSection
	GlobalSection(ProjectConfigurationPlatforms) = postSolution
		{B2ADC172-E9D1-44D6-8A15-113F192EE1F7}.Debug|Any CPU.ActiveCfg = Debug|Any CPU
		{B2ADC172-E9D1-44D6-8A15-113F192EE1F7}.Debug|Any CPU.Build.0 = Debug|Any CPU
		{B2ADC172-E9D1-44D6-8A15-113F192EE1F7}.Release|Any CPU.ActiveCfg = Release|Any CPU
		{B2ADC172-E9D1-44D6-8A15-113F192EE1F7}.Release|Any CPU.Build.0 = Release|Any CPU
		{89A23DD6-C777-462A-9273-9B900D57658C}.Debug|Any CPU.ActiveCfg = Debug|Any CPU
		{89A23DD6-C777-462A-9273-9B900D57658C}.Debug|Any CPU.Build.0 = Debug|Any CPU
		{89A23DD6-C777-462A-9273-9B900D57658C}.Release|Any CPU.ActiveCfg = Release|Any CPU
		{89A23DD6-C777-462A-9273-9B900D57658C}.Release|Any CPU.Build.0 = Release|Any CPU
		{E740B518-0460-41E5-852B-82A116137DB1}.Debug|Any CPU.ActiveCfg = Debug|Any CPU
		{E740B518-0460-41E5-852B-82A116137DB1}.Debug|Any CPU.Build.0 = Debug|Any CPU
		{E740B518-0460-41E5-852B-82A116137DB1}.Release|Any CPU.ActiveCfg = Release|Any CPU
		{E740B518-0460-41E5-852B-82A116137DB1}.Release|Any CPU.Build.0 = Release|Any CPU
	EndGlobalSection
	GlobalSection(SolutionProperties) = preSolution
		HideSolutionNode = FALSE
	EndGlobalSection
	GlobalSection(ExtensibilityGlobals) = postSolution
		SolutionGuid = {C6DFADB2-BDF6-418E-B7C1-CE36C1788148}
	EndGlobalSection
EndGlobal
