
Microsoft Visual Studio Solution File, Format Version 12.00
# Visual Studio Version 17
VisualStudioVersion = 17.5.002.0
MinimumVisualStudioVersion = 10.0.40219.1
Project("{9A19103F-16F7-4668-BE54-9A1E7A4F7556}") = "client", "Client\client.csproj", "{CE0EF604-6A92-49BC-A04D-0CAB2E2611FE}"
EndProject
Project("{9A19103F-16F7-4668-BE54-9A1E7A4F7556}") = "server", "Server\server.csproj", "{BB4E0935-1EA2-4FBF-8BFA-AD1718D495DC}"
EndProject
Global
	GlobalSection(SolutionConfigurationPlatforms) = preSolution
		Debug|Any CPU = Debug|Any CPU
		Release|Any CPU = Release|Any CPU
	EndGlobalSection
	GlobalSection(ProjectConfigurationPlatforms) = postSolution
		{CE0EF604-6A92-49BC-A04D-0CAB2E2611FE}.Debug|Any CPU.ActiveCfg = Debug|Any CPU
		{CE0EF604-6A92-49BC-A04D-0CAB2E2611FE}.Debug|Any CPU.Build.0 = Debug|Any CPU
		{CE0EF604-6A92-49BC-A04D-0CAB2E2611FE}.Release|Any CPU.ActiveCfg = Release|Any CPU
		{CE0EF604-6A92-49BC-A04D-0CAB2E2611FE}.Release|Any CPU.Build.0 = Release|Any CPU
		{BB4E0935-1EA2-4FBF-8BFA-AD1718D495DC}.Debug|Any CPU.ActiveCfg = Debug|Any CPU
		{BB4E0935-1EA2-4FBF-8BFA-AD1718D495DC}.Debug|Any CPU.Build.0 = Debug|Any CPU
		{BB4E0935-1EA2-4FBF-8BFA-AD1718D495DC}.Release|Any CPU.ActiveCfg = Release|Any CPU
		{BB4E0935-1EA2-4FBF-8BFA-AD1718D495DC}.Release|Any CPU.Build.0 = Release|Any CPU
	EndGlobalSection
	GlobalSection(SolutionProperties) = preSolution
		HideSolutionNode = FALSE
	EndGlobalSection
	GlobalSection(ExtensibilityGlobals) = postSolution
		SolutionGuid = {ADF07F8E-91AF-4F09-A375-28177AEF8280}
	EndGlobalSection
EndGlobal
